// !$*UTF8*$!
{
	archiveVersion = 1;
	classes = {
	};
	objectVersion = 50;
	objects = {

/* Begin PBXBuildFile section */
		2B8E87D0A89F5B18EC80342F /* Pods_graphyApp.framework in Frameworks */ = {isa = PBXBuildFile; fileRef = 0437E30D55654D22D92976D1 /* Pods_graphyApp.framework */; };
		873F79629F91210D0E4F7D6E /* Pods_graphyAppUITests.framework in Frameworks */ = {isa = PBXBuildFile; fileRef = 18CD43E2A099FCBCA87A67E2 /* Pods_graphyAppUITests.framework */; };
		AD4C1157245D69FE00D046AB /* VideoPlayerViewController.swift in Sources */ = {isa = PBXBuildFile; fileRef = AD4C1156245D69FE00D046AB /* VideoPlayerViewController.swift */; };
		AD4C1159245D6CFE00D046AB /* VideoPlayerViewModel.swift in Sources */ = {isa = PBXBuildFile; fileRef = AD4C1158245D6CFE00D046AB /* VideoPlayerViewModel.swift */; };
		AD4C1161245DBA9600D046AB /* VideoPlayerVIewControllerTest.swift in Sources */ = {isa = PBXBuildFile; fileRef = AD4C1160245DBA9600D046AB /* VideoPlayerVIewControllerTest.swift */; };
		AD99A3DC245D4000006D2583 /* AppDelegate.swift in Sources */ = {isa = PBXBuildFile; fileRef = AD99A3DB245D4000006D2583 /* AppDelegate.swift */; };
		AD99A3DE245D4000006D2583 /* SceneDelegate.swift in Sources */ = {isa = PBXBuildFile; fileRef = AD99A3DD245D4000006D2583 /* SceneDelegate.swift */; };
		AD99A3E3245D4000006D2583 /* Main.storyboard in Resources */ = {isa = PBXBuildFile; fileRef = AD99A3E1245D4000006D2583 /* Main.storyboard */; };
		AD99A3E5245D4002006D2583 /* Assets.xcassets in Resources */ = {isa = PBXBuildFile; fileRef = AD99A3E4245D4002006D2583 /* Assets.xcassets */; };
		AD99A3E8245D4002006D2583 /* LaunchScreen.storyboard in Resources */ = {isa = PBXBuildFile; fileRef = AD99A3E6245D4002006D2583 /* LaunchScreen.storyboard */; };
		AD99A3F3245D4002006D2583 /* graphyAppTests.swift in Sources */ = {isa = PBXBuildFile; fileRef = AD99A3F2245D4002006D2583 /* graphyAppTests.swift */; };
		AD99A3FE245D4002006D2583 /* graphyAppUITests.swift in Sources */ = {isa = PBXBuildFile; fileRef = AD99A3FD245D4002006D2583 /* graphyAppUITests.swift */; };
		AD99A40C245D427E006D2583 /* HomeViewController.swift in Sources */ = {isa = PBXBuildFile; fileRef = AD99A40B245D427E006D2583 /* HomeViewController.swift */; };
		AD99A40E245D428F006D2583 /* ProfileViewController.swift in Sources */ = {isa = PBXBuildFile; fileRef = AD99A40D245D428F006D2583 /* ProfileViewController.swift */; };
		AD99A410245D56A2006D2583 /* AssetCell.swift in Sources */ = {isa = PBXBuildFile; fileRef = AD99A40F245D56A2006D2583 /* AssetCell.swift */; };
		AD99A414245D5A27006D2583 /* HomeViewModel.swift in Sources */ = {isa = PBXBuildFile; fileRef = AD99A413245D5A27006D2583 /* HomeViewModel.swift */; };
		AD99A416245D5A95006D2583 /* helperUrlSession.swift in Sources */ = {isa = PBXBuildFile; fileRef = AD99A415245D5A95006D2583 /* helperUrlSession.swift */; };
		AD99A418245D5F8C006D2583 /* Assetmodel.swift in Sources */ = {isa = PBXBuildFile; fileRef = AD99A417245D5F8C006D2583 /* Assetmodel.swift */; };
		B8F20E160E5C73E67F489A29 /* Pods_graphyAppTests.framework in Frameworks */ = {isa = PBXBuildFile; fileRef = FCB252D2805A9B3692EF298C /* Pods_graphyAppTests.framework */; };
/* End PBXBuildFile section */

/* Begin PBXContainerItemProxy section */
		AD99A3EF245D4002006D2583 /* PBXContainerItemProxy */ = {
			isa = PBXContainerItemProxy;
			containerPortal = AD99A3D0245D4000006D2583 /* Project object */;
			proxyType = 1;
			remoteGlobalIDString = AD99A3D7245D4000006D2583;
			remoteInfo = graphyApp;
		};
		AD99A3FA245D4002006D2583 /* PBXContainerItemProxy */ = {
			isa = PBXContainerItemProxy;
			containerPortal = AD99A3D0245D4000006D2583 /* Project object */;
			proxyType = 1;
			remoteGlobalIDString = AD99A3D7245D4000006D2583;
			remoteInfo = graphyApp;
		};
/* End PBXContainerItemProxy section */

/* Begin PBXFileReference section */
		0437E30D55654D22D92976D1 /* Pods_graphyApp.framework */ = {isa = PBXFileReference; explicitFileType = wrapper.framework; includeInIndex = 0; path = Pods_graphyApp.framework; sourceTree = BUILT_PRODUCTS_DIR; };
		18CD43E2A099FCBCA87A67E2 /* Pods_graphyAppUITests.framework */ = {isa = PBXFileReference; explicitFileType = wrapper.framework; includeInIndex = 0; path = Pods_graphyAppUITests.framework; sourceTree = BUILT_PRODUCTS_DIR; };
		4ADA70C071B5707E7E4516F1 /* Pods-graphyAppTests.debug.xcconfig */ = {isa = PBXFileReference; includeInIndex = 1; lastKnownFileType = text.xcconfig; name = "Pods-graphyAppTests.debug.xcconfig"; path = "Pods/Target Support Files/Pods-graphyAppTests/Pods-graphyAppTests.debug.xcconfig"; sourceTree = "<group>"; };
		79B1AA12E3EAD13FA0EAF96C /* Pods-graphyAppUITests.release.xcconfig */ = {isa = PBXFileReference; includeInIndex = 1; lastKnownFileType = text.xcconfig; name = "Pods-graphyAppUITests.release.xcconfig"; path = "Pods/Target Support Files/Pods-graphyAppUITests/Pods-graphyAppUITests.release.xcconfig"; sourceTree = "<group>"; };
		7EE54B36A6B9C5B501D9A7EA /* Pods-graphyAppUITests.debug.xcconfig */ = {isa = PBXFileReference; includeInIndex = 1; lastKnownFileType = text.xcconfig; name = "Pods-graphyAppUITests.debug.xcconfig"; path = "Pods/Target Support Files/Pods-graphyAppUITests/Pods-graphyAppUITests.debug.xcconfig"; sourceTree = "<group>"; };
		ACB18BF76C4AAF128721E63F /* Pods-graphyApp.release.xcconfig */ = {isa = PBXFileReference; includeInIndex = 1; lastKnownFileType = text.xcconfig; name = "Pods-graphyApp.release.xcconfig"; path = "Pods/Target Support Files/Pods-graphyApp/Pods-graphyApp.release.xcconfig"; sourceTree = "<group>"; };
		AD4C1156245D69FE00D046AB /* VideoPlayerViewController.swift */ = {isa = PBXFileReference; lastKnownFileType = sourcecode.swift; path = VideoPlayerViewController.swift; sourceTree = "<group>"; };
		AD4C1158245D6CFE00D046AB /* VideoPlayerViewModel.swift */ = {isa = PBXFileReference; lastKnownFileType = sourcecode.swift; path = VideoPlayerViewModel.swift; sourceTree = "<group>"; };
		AD4C1160245DBA9600D046AB /* VideoPlayerVIewControllerTest.swift */ = {isa = PBXFileReference; lastKnownFileType = sourcecode.swift; path = VideoPlayerVIewControllerTest.swift; sourceTree = "<group>"; };
		AD99A3D8245D4000006D2583 /* graphyApp.app */ = {isa = PBXFileReference; explicitFileType = wrapper.application; includeInIndex = 0; path = graphyApp.app; sourceTree = BUILT_PRODUCTS_DIR; };
		AD99A3DB245D4000006D2583 /* AppDelegate.swift */ = {isa = PBXFileReference; lastKnownFileType = sourcecode.swift; path = AppDelegate.swift; sourceTree = "<group>"; };
		AD99A3DD245D4000006D2583 /* SceneDelegate.swift */ = {isa = PBXFileReference; lastKnownFileType = sourcecode.swift; path = SceneDelegate.swift; sourceTree = "<group>"; };
		AD99A3E2245D4000006D2583 /* Base */ = {isa = PBXFileReference; lastKnownFileType = file.storyboard; name = Base; path = Base.lproj/Main.storyboard; sourceTree = "<group>"; };
		AD99A3E4245D4002006D2583 /* Assets.xcassets */ = {isa = PBXFileReference; lastKnownFileType = folder.assetcatalog; path = Assets.xcassets; sourceTree = "<group>"; };
		AD99A3E7245D4002006D2583 /* Base */ = {isa = PBXFileReference; lastKnownFileType = file.storyboard; name = Base; path = Base.lproj/LaunchScreen.storyboard; sourceTree = "<group>"; };
		AD99A3E9245D4002006D2583 /* Info.plist */ = {isa = PBXFileReference; lastKnownFileType = text.plist.xml; path = Info.plist; sourceTree = "<group>"; };
		AD99A3EE245D4002006D2583 /* graphyAppTests.xctest */ = {isa = PBXFileReference; explicitFileType = wrapper.cfbundle; includeInIndex = 0; path = graphyAppTests.xctest; sourceTree = BUILT_PRODUCTS_DIR; };
		AD99A3F2245D4002006D2583 /* graphyAppTests.swift */ = {isa = PBXFileReference; lastKnownFileType = sourcecode.swift; path = graphyAppTests.swift; sourceTree = "<group>"; };
		AD99A3F4245D4002006D2583 /* Info.plist */ = {isa = PBXFileReference; lastKnownFileType = text.plist.xml; path = Info.plist; sourceTree = "<group>"; };
		AD99A3F9245D4002006D2583 /* graphyAppUITests.xctest */ = {isa = PBXFileReference; explicitFileType = wrapper.cfbundle; includeInIndex = 0; path = graphyAppUITests.xctest; sourceTree = BUILT_PRODUCTS_DIR; };
		AD99A3FD245D4002006D2583 /* graphyAppUITests.swift */ = {isa = PBXFileReference; lastKnownFileType = sourcecode.swift; path = graphyAppUITests.swift; sourceTree = "<group>"; };
		AD99A3FF245D4002006D2583 /* Info.plist */ = {isa = PBXFileReference; lastKnownFileType = text.plist.xml; path = Info.plist; sourceTree = "<group>"; };
		AD99A40B245D427E006D2583 /* HomeViewController.swift */ = {isa = PBXFileReference; lastKnownFileType = sourcecode.swift; path = HomeViewController.swift; sourceTree = "<group>"; };
		AD99A40D245D428F006D2583 /* ProfileViewController.swift */ = {isa = PBXFileReference; lastKnownFileType = sourcecode.swift; path = ProfileViewController.swift; sourceTree = "<group>"; };
		AD99A40F245D56A2006D2583 /* AssetCell.swift */ = {isa = PBXFileReference; lastKnownFileType = sourcecode.swift; path = AssetCell.swift; sourceTree = "<group>"; };
		AD99A413245D5A27006D2583 /* HomeViewModel.swift */ = {isa = PBXFileReference; lastKnownFileType = sourcecode.swift; path = HomeViewModel.swift; sourceTree = "<group>"; };
		AD99A415245D5A95006D2583 /* helperUrlSession.swift */ = {isa = PBXFileReference; fileEncoding = 4; lastKnownFileType = sourcecode.swift; path = helperUrlSession.swift; sourceTree = "<group>"; };
		AD99A417245D5F8C006D2583 /* Assetmodel.swift */ = {isa = PBXFileReference; lastKnownFileType = sourcecode.swift; path = Assetmodel.swift; sourceTree = "<group>"; };
		C19F92520D9A675C2C134CF9 /* Pods-graphyAppTests.release.xcconfig */ = {isa = PBXFileReference; includeInIndex = 1; lastKnownFileType = text.xcconfig; name = "Pods-graphyAppTests.release.xcconfig"; path = "Pods/Target Support Files/Pods-graphyAppTests/Pods-graphyAppTests.release.xcconfig"; sourceTree = "<group>"; };
		DDD5551CDEA2D028518DC8DE /* Pods-graphyApp.debug.xcconfig */ = {isa = PBXFileReference; includeInIndex = 1; lastKnownFileType = text.xcconfig; name = "Pods-graphyApp.debug.xcconfig"; path = "Pods/Target Support Files/Pods-graphyApp/Pods-graphyApp.debug.xcconfig"; sourceTree = "<group>"; };
		FCB252D2805A9B3692EF298C /* Pods_graphyAppTests.framework */ = {isa = PBXFileReference; explicitFileType = wrapper.framework; includeInIndex = 0; path = Pods_graphyAppTests.framework; sourceTree = BUILT_PRODUCTS_DIR; };
/* End PBXFileReference section */

/* Begin PBXFrameworksBuildPhase section */
		AD99A3D5245D4000006D2583 /* Frameworks */ = {
			isa = PBXFrameworksBuildPhase;
			buildActionMask = 2147483647;
			files = (
				2B8E87D0A89F5B18EC80342F /* Pods_graphyApp.framework in Frameworks */,
			);
			runOnlyForDeploymentPostprocessing = 0;
		};
		AD99A3EB245D4002006D2583 /* Frameworks */ = {
			isa = PBXFrameworksBuildPhase;
			buildActionMask = 2147483647;
			files = (
				B8F20E160E5C73E67F489A29 /* Pods_graphyAppTests.framework in Frameworks */,
			);
			runOnlyForDeploymentPostprocessing = 0;
		};
		AD99A3F6245D4002006D2583 /* Frameworks */ = {
			isa = PBXFrameworksBuildPhase;
			buildActionMask = 2147483647;
			files = (
				873F79629F91210D0E4F7D6E /* Pods_graphyAppUITests.framework in Frameworks */,
			);
			runOnlyForDeploymentPostprocessing = 0;
		};
/* End PBXFrameworksBuildPhase section */

/* Begin PBXGroup section */
		7F3A323C82D3896A5FA0F700 /* Pods */ = {
			isa = PBXGroup;
			children = (
				DDD5551CDEA2D028518DC8DE /* Pods-graphyApp.debug.xcconfig */,
				ACB18BF76C4AAF128721E63F /* Pods-graphyApp.release.xcconfig */,
				4ADA70C071B5707E7E4516F1 /* Pods-graphyAppTests.debug.xcconfig */,
				C19F92520D9A675C2C134CF9 /* Pods-graphyAppTests.release.xcconfig */,
				7EE54B36A6B9C5B501D9A7EA /* Pods-graphyAppUITests.debug.xcconfig */,
				79B1AA12E3EAD13FA0EAF96C /* Pods-graphyAppUITests.release.xcconfig */,
			);
			name = Pods;
			sourceTree = "<group>";
		};
		AD4C115A245DA12700D046AB /* StoryBoard */ = {
			isa = PBXGroup;
			children = (
				AD99A3E1245D4000006D2583 /* Main.storyboard */,
			);
			path = StoryBoard;
			sourceTree = "<group>";
		};
		AD4C115B245DA13500D046AB /* Utils */ = {
			isa = PBXGroup;
			children = (
				AD99A415245D5A95006D2583 /* helperUrlSession.swift */,
			);
			path = Utils;
			sourceTree = "<group>";
		};
		AD4C115C245DA14800D046AB /* ViewController */ = {
			isa = PBXGroup;
			children = (
				AD99A40B245D427E006D2583 /* HomeViewController.swift */,
				AD99A40D245D428F006D2583 /* ProfileViewController.swift */,
				AD4C1156245D69FE00D046AB /* VideoPlayerViewController.swift */,
			);
			path = ViewController;
			sourceTree = "<group>";
		};
		AD4C115D245DA15800D046AB /* ViewModel */ = {
			isa = PBXGroup;
			children = (
				AD99A413245D5A27006D2583 /* HomeViewModel.swift */,
				AD4C1158245D6CFE00D046AB /* VideoPlayerViewModel.swift */,
			);
			path = ViewModel;
			sourceTree = "<group>";
		};
		AD4C115E245DA16100D046AB /* CustomCellClass */ = {
			isa = PBXGroup;
			children = (
				AD99A40F245D56A2006D2583 /* AssetCell.swift */,
			);
			path = CustomCellClass;
			sourceTree = "<group>";
		};
		AD4C115F245DA17000D046AB /* CustomModel */ = {
			isa = PBXGroup;
			children = (
				AD99A417245D5F8C006D2583 /* Assetmodel.swift */,
			);
			path = CustomModel;
			sourceTree = "<group>";
		};
		AD99A3CF245D4000006D2583 = {
			isa = PBXGroup;
			children = (
				AD99A3DA245D4000006D2583 /* graphyApp */,
				AD99A3F1245D4002006D2583 /* graphyAppTests */,
				AD99A3FC245D4002006D2583 /* graphyAppUITests */,
				AD99A3D9245D4000006D2583 /* Products */,
				7F3A323C82D3896A5FA0F700 /* Pods */,
				B28C14AE2202ADA5ACB75F91 /* Frameworks */,
			);
			sourceTree = "<group>";
		};
		AD99A3D9245D4000006D2583 /* Products */ = {
			isa = PBXGroup;
			children = (
				AD99A3D8245D4000006D2583 /* graphyApp.app */,
				AD99A3EE245D4002006D2583 /* graphyAppTests.xctest */,
				AD99A3F9245D4002006D2583 /* graphyAppUITests.xctest */,
			);
			name = Products;
			sourceTree = "<group>";
		};
		AD99A3DA245D4000006D2583 /* graphyApp */ = {
			isa = PBXGroup;
			children = (
				AD4C115B245DA13500D046AB /* Utils */,
				AD99A3DB245D4000006D2583 /* AppDelegate.swift */,
				AD99A3DD245D4000006D2583 /* SceneDelegate.swift */,
				AD4C115A245DA12700D046AB /* StoryBoard */,
				AD99A3E4245D4002006D2583 /* Assets.xcassets */,
				AD99A3E6245D4002006D2583 /* LaunchScreen.storyboard */,
				AD99A3E9245D4002006D2583 /* Info.plist */,
				AD4C115C245DA14800D046AB /* ViewController */,
				AD4C115E245DA16100D046AB /* CustomCellClass */,
				AD4C115D245DA15800D046AB /* ViewModel */,
				AD4C115F245DA17000D046AB /* CustomModel */,
			);
			path = graphyApp;
			sourceTree = "<group>";
		};
		AD99A3F1245D4002006D2583 /* graphyAppTests */ = {
			isa = PBXGroup;
			children = (
				AD99A3F2245D4002006D2583 /* graphyAppTests.swift */,
				AD99A3F4245D4002006D2583 /* Info.plist */,
				AD4C1160245DBA9600D046AB /* VideoPlayerVIewControllerTest.swift */,
			);
			path = graphyAppTests;
			sourceTree = "<group>";
		};
		AD99A3FC245D4002006D2583 /* graphyAppUITests */ = {
			isa = PBXGroup;
			children = (
				AD99A3FD245D4002006D2583 /* graphyAppUITests.swift */,
				AD99A3FF245D4002006D2583 /* Info.plist */,
			);
			path = graphyAppUITests;
			sourceTree = "<group>";
		};
		B28C14AE2202ADA5ACB75F91 /* Frameworks */ = {
			isa = PBXGroup;
			children = (
				0437E30D55654D22D92976D1 /* Pods_graphyApp.framework */,
				FCB252D2805A9B3692EF298C /* Pods_graphyAppTests.framework */,
				18CD43E2A099FCBCA87A67E2 /* Pods_graphyAppUITests.framework */,
			);
			name = Frameworks;
			sourceTree = "<group>";
		};
/* End PBXGroup section */

/* Begin PBXNativeTarget section */
		AD99A3D7245D4000006D2583 /* graphyApp */ = {
			isa = PBXNativeTarget;
			buildConfigurationList = AD99A402245D4002006D2583 /* Build configuration list for PBXNativeTarget "graphyApp" */;
			buildPhases = (
				1B381BD7A2E14F7BA9F0EC51 /* [CP] Check Pods Manifest.lock */,
				AD99A3D4245D4000006D2583 /* Sources */,
				AD99A3D5245D4000006D2583 /* Frameworks */,
				AD99A3D6245D4000006D2583 /* Resources */,
				EF0EC4ECFB0140E14C5CCBC3 /* [CP] Embed Pods Frameworks */,
				73ABD6055A9024D100D97FE2 /* [CP] Copy Pods Resources */,
			);
			buildRules = (
			);
			dependencies = (
			);
			name = graphyApp;
			productName = graphyApp;
			productReference = AD99A3D8245D4000006D2583 /* graphyApp.app */;
			productType = "com.apple.product-type.application";
		};
		AD99A3ED245D4002006D2583 /* graphyAppTests */ = {
			isa = PBXNativeTarget;
			buildConfigurationList = AD99A405245D4002006D2583 /* Build configuration list for PBXNativeTarget "graphyAppTests" */;
			buildPhases = (
				E36702DF3D0C10B8F4B7E4C6 /* [CP] Check Pods Manifest.lock */,
				AD99A3EA245D4002006D2583 /* Sources */,
				AD99A3EB245D4002006D2583 /* Frameworks */,
				AD99A3EC245D4002006D2583 /* Resources */,
				244D559012B5BA850525D30E /* [CP] Embed Pods Frameworks */,
				51D570F5EFD5A2D0B71D084F /* [CP] Copy Pods Resources */,
			);
			buildRules = (
			);
			dependencies = (
				AD99A3F0245D4002006D2583 /* PBXTargetDependency */,
			);
			name = graphyAppTests;
			productName = graphyAppTests;
			productReference = AD99A3EE245D4002006D2583 /* graphyAppTests.xctest */;
			productType = "com.apple.product-type.bundle.unit-test";
		};
		AD99A3F8245D4002006D2583 /* graphyAppUITests */ = {
			isa = PBXNativeTarget;
			buildConfigurationList = AD99A408245D4002006D2583 /* Build configuration list for PBXNativeTarget "graphyAppUITests" */;
			buildPhases = (
				E67F70F9B4A8D68C3656D786 /* [CP] Check Pods Manifest.lock */,
				AD99A3F5245D4002006D2583 /* Sources */,
				AD99A3F6245D4002006D2583 /* Frameworks */,
				AD99A3F7245D4002006D2583 /* Resources */,
				0D3232E4912C53A0DCBC16C1 /* [CP] Embed Pods Frameworks */,
				C3A6DBB4DE308A65164051A4 /* [CP] Copy Pods Resources */,
			);
			buildRules = (
			);
			dependencies = (
				AD99A3FB245D4002006D2583 /* PBXTargetDependency */,
			);
			name = graphyAppUITests;
			productName = graphyAppUITests;
			productReference = AD99A3F9245D4002006D2583 /* graphyAppUITests.xctest */;
			productType = "com.apple.product-type.bundle.ui-testing";
		};
/* End PBXNativeTarget section */

/* Begin PBXProject section */
		AD99A3D0245D4000006D2583 /* Project object */ = {
			isa = PBXProject;
			attributes = {
				LastSwiftUpdateCheck = 1100;
				LastUpgradeCheck = 1100;
				ORGANIZATIONNAME = Sudhakar;
				TargetAttributes = {
					AD99A3D7245D4000006D2583 = {
						CreatedOnToolsVersion = 11.0;
					};
					AD99A3ED245D4002006D2583 = {
						CreatedOnToolsVersion = 11.0;
						TestTargetID = AD99A3D7245D4000006D2583;
					};
					AD99A3F8245D4002006D2583 = {
						CreatedOnToolsVersion = 11.0;
						TestTargetID = AD99A3D7245D4000006D2583;
					};
				};
			};
			buildConfigurationList = AD99A3D3245D4000006D2583 /* Build configuration list for PBXProject "graphyApp" */;
			compatibilityVersion = "Xcode 9.3";
			developmentRegion = en;
			hasScannedForEncodings = 0;
			knownRegions = (
				en,
				Base,
			);
			mainGroup = AD99A3CF245D4000006D2583;
			productRefGroup = AD99A3D9245D4000006D2583 /* Products */;
			projectDirPath = "";
			projectRoot = "";
			targets = (
				AD99A3D7245D4000006D2583 /* graphyApp */,
				AD99A3ED245D4002006D2583 /* graphyAppTests */,
				AD99A3F8245D4002006D2583 /* graphyAppUITests */,
			);
		};
/* End PBXProject section */

/* Begin PBXResourcesBuildPhase section */
		AD99A3D6245D4000006D2583 /* Resources */ = {
			isa = PBXResourcesBuildPhase;
			buildActionMask = 2147483647;
			files = (
				AD99A3E8245D4002006D2583 /* LaunchScreen.storyboard in Resources */,
				AD99A3E5245D4002006D2583 /* Assets.xcassets in Resources */,
				AD99A3E3245D4000006D2583 /* Main.storyboard in Resources */,
			);
			runOnlyForDeploymentPostprocessing = 0;
		};
		AD99A3EC245D4002006D2583 /* Resources */ = {
			isa = PBXResourcesBuildPhase;
			buildActionMask = 2147483647;
			files = (
			);
			runOnlyForDeploymentPostprocessing = 0;
		};
		AD99A3F7245D4002006D2583 /* Resources */ = {
			isa = PBXResourcesBuildPhase;
			buildActionMask = 2147483647;
			files = (
			);
			runOnlyForDeploymentPostprocessing = 0;
		};
/* End PBXResourcesBuildPhase section */

/* Begin PBXShellScriptBuildPhase section */
		0D3232E4912C53A0DCBC16C1 /* [CP] Embed Pods Frameworks */ = {
			isa = PBXShellScriptBuildPhase;
			buildActionMask = 2147483647;
			files = (
			);
			inputFileListPaths = (
			);
			inputPaths = (
			);
			name = "[CP] Embed Pods Frameworks";
			outputFileListPaths = (
			);
			outputPaths = (
			);
			runOnlyForDeploymentPostprocessing = 0;
			shellPath = /bin/sh;
			shellScript = "\"${SRCROOT}/Pods/Target Support Files/Pods-graphyAppUITests/Pods-graphyAppUITests-frameworks.sh\"\n";
			showEnvVarsInLog = 0;
		};
		1B381BD7A2E14F7BA9F0EC51 /* [CP] Check Pods Manifest.lock */ = {
			isa = PBXShellScriptBuildPhase;
			buildActionMask = 2147483647;
			files = (
			);
			inputFileListPaths = (
			);
			inputPaths = (
				"${PODS_PODFILE_DIR_PATH}/Podfile.lock",
				"${PODS_ROOT}/Manifest.lock",
			);
			name = "[CP] Check Pods Manifest.lock";
			outputFileListPaths = (
			);
			outputPaths = (
				"$(DERIVED_FILE_DIR)/Pods-graphyApp-checkManifestLockResult.txt",
			);
			runOnlyForDeploymentPostprocessing = 0;
			shellPath = /bin/sh;
			shellScript = "diff \"${PODS_PODFILE_DIR_PATH}/Podfile.lock\" \"${PODS_ROOT}/Manifest.lock\" > /dev/null\nif [ $? != 0 ] ; then\n    # print error to STDERR\n    echo \"error: The sandbox is not in sync with the Podfile.lock. Run 'pod install' or update your CocoaPods installation.\" >&2\n    exit 1\nfi\n# This output is used by Xcode 'outputs' to avoid re-running this script phase.\necho \"SUCCESS\" > \"${SCRIPT_OUTPUT_FILE_0}\"\n";
			showEnvVarsInLog = 0;
		};
		244D559012B5BA850525D30E /* [CP] Embed Pods Frameworks */ = {
			isa = PBXShellScriptBuildPhase;
			buildActionMask = 2147483647;
			files = (
			);
			inputFileListPaths = (
			);
			inputPaths = (
			);
			name = "[CP] Embed Pods Frameworks";
			outputFileListPaths = (
			);
			outputPaths = (
			);
			runOnlyForDeploymentPostprocessing = 0;
			shellPath = /bin/sh;
			shellScript = "\"${SRCROOT}/Pods/Target Support Files/Pods-graphyAppTests/Pods-graphyAppTests-frameworks.sh\"\n";
			showEnvVarsInLog = 0;
		};
		51D570F5EFD5A2D0B71D084F /* [CP] Copy Pods Resources */ = {
			isa = PBXShellScriptBuildPhase;
			buildActionMask = 2147483647;
			files = (
			);
			inputFileListPaths = (
			);
			inputPaths = (
			);
			name = "[CP] Copy Pods Resources";
			outputFileListPaths = (
			);
			outputPaths = (
			);
			runOnlyForDeploymentPostprocessing = 0;
			shellPath = /bin/sh;
			shellScript = "\"${SRCROOT}/Pods/Target Support Files/Pods-graphyAppTests/Pods-graphyAppTests-resources.sh\"\n";
			showEnvVarsInLog = 0;
		};
		73ABD6055A9024D100D97FE2 /* [CP] Copy Pods Resources */ = {
			isa = PBXShellScriptBuildPhase;
			buildActionMask = 2147483647;
			files = (
			);
			inputFileListPaths = (
			);
			inputPaths = (
			);
			name = "[CP] Copy Pods Resources";
			outputFileListPaths = (
			);
			outputPaths = (
			);
			runOnlyForDeploymentPostprocessing = 0;
			shellPath = /bin/sh;
			shellScript = "\"${SRCROOT}/Pods/Target Support Files/Pods-graphyApp/Pods-graphyApp-resources.sh\"\n";
			showEnvVarsInLog = 0;
		};
		C3A6DBB4DE308A65164051A4 /* [CP] Copy Pods Resources */ = {
			isa = PBXShellScriptBuildPhase;
			buildActionMask = 2147483647;
			files = (
			);
			inputFileListPaths = (
			);
			inputPaths = (
			);
			name = "[CP] Copy Pods Resources";
			outputFileListPaths = (
			);
			outputPaths = (
			);
			runOnlyForDeploymentPostprocessing = 0;
			shellPath = /bin/sh;
			shellScript = "\"${SRCROOT}/Pods/Target Support Files/Pods-graphyAppUITests/Pods-graphyAppUITests-resources.sh\"\n";
			showEnvVarsInLog = 0;
		};
		E36702DF3D0C10B8F4B7E4C6 /* [CP] Check Pods Manifest.lock */ = {
			isa = PBXShellScriptBuildPhase;
			buildActionMask = 2147483647;
			files = (
			);
			inputFileListPaths = (
			);
			inputPaths = (
				"${PODS_PODFILE_DIR_PATH}/Podfile.lock",
				"${PODS_ROOT}/Manifest.lock",
			);
			name = "[CP] Check Pods Manifest.lock";
			outputFileListPaths = (
			);
			outputPaths = (
				"$(DERIVED_FILE_DIR)/Pods-graphyAppTests-checkManifestLockResult.txt",
			);
			runOnlyForDeploymentPostprocessing = 0;
			shellPath = /bin/sh;
			shellScript = "diff \"${PODS_PODFILE_DIR_PATH}/Podfile.lock\" \"${PODS_ROOT}/Manifest.lock\" > /dev/null\nif [ $? != 0 ] ; then\n    # print error to STDERR\n    echo \"error: The sandbox is not in sync with the Podfile.lock. Run 'pod install' or update your CocoaPods installation.\" >&2\n    exit 1\nfi\n# This output is used by Xcode 'outputs' to avoid re-running this script phase.\necho \"SUCCESS\" > \"${SCRIPT_OUTPUT_FILE_0}\"\n";
			showEnvVarsInLog = 0;
		};
		E67F70F9B4A8D68C3656D786 /* [CP] Check Pods Manifest.lock */ = {
			isa = PBXShellScriptBuildPhase;
			buildActionMask = 2147483647;
			files = (
			);
			inputFileListPaths = (
			);
			inputPaths = (
				"${PODS_PODFILE_DIR_PATH}/Podfile.lock",
				"${PODS_ROOT}/Manifest.lock",
			);
			name = "[CP] Check Pods Manifest.lock";
			outputFileListPaths = (
			);
			outputPaths = (
				"$(DERIVED_FILE_DIR)/Pods-graphyAppUITests-checkManifestLockResult.txt",
			);
			runOnlyForDeploymentPostprocessing = 0;
			shellPath = /bin/sh;
			shellScript = "diff \"${PODS_PODFILE_DIR_PATH}/Podfile.lock\" \"${PODS_ROOT}/Manifest.lock\" > /dev/null\nif [ $? != 0 ] ; then\n    # print error to STDERR\n    echo \"error: The sandbox is not in sync with the Podfile.lock. Run 'pod install' or update your CocoaPods installation.\" >&2\n    exit 1\nfi\n# This output is used by Xcode 'outputs' to avoid re-running this script phase.\necho \"SUCCESS\" > \"${SCRIPT_OUTPUT_FILE_0}\"\n";
			showEnvVarsInLog = 0;
		};
		EF0EC4ECFB0140E14C5CCBC3 /* [CP] Embed Pods Frameworks */ = {
			isa = PBXShellScriptBuildPhase;
			buildActionMask = 2147483647;
			files = (
			);
			inputFileListPaths = (
			);
			inputPaths = (
				"${SRCROOT}/Pods/Target Support Files/Pods-graphyApp/Pods-graphyApp-frameworks.sh",
				"${BUILT_PRODUCTS_DIR}/SDWebImage/SDWebImage.framework",
			);
			name = "[CP] Embed Pods Frameworks";
			outputFileListPaths = (
			);
			outputPaths = (
				"${TARGET_BUILD_DIR}/${FRAMEWORKS_FOLDER_PATH}/SDWebImage.framework",
			);
			runOnlyForDeploymentPostprocessing = 0;
			shellPath = /bin/sh;
			shellScript = "\"${SRCROOT}/Pods/Target Support Files/Pods-graphyApp/Pods-graphyApp-frameworks.sh\"\n";
			showEnvVarsInLog = 0;
		};
/* End PBXShellScriptBuildPhase section */

/* Begin PBXSourcesBuildPhase section */
		AD99A3D4245D4000006D2583 /* Sources */ = {
			isa = PBXSourcesBuildPhase;
			buildActionMask = 2147483647;
			files = (
				AD99A416245D5A95006D2583 /* helperUrlSession.swift in Sources */,
				AD99A410245D56A2006D2583 /* AssetCell.swift in Sources */,
				AD99A414245D5A27006D2583 /* HomeViewModel.swift in Sources */,
				AD4C1157245D69FE00D046AB /* VideoPlayerViewController.swift in Sources */,
				AD99A3DC245D4000006D2583 /* AppDelegate.swift in Sources */,
				AD4C1159245D6CFE00D046AB /* VideoPlayerViewModel.swift in Sources */,
				AD99A418245D5F8C006D2583 /* Assetmodel.swift in Sources */,
				AD99A40E245D428F006D2583 /* ProfileViewController.swift in Sources */,
				AD99A3DE245D4000006D2583 /* SceneDelegate.swift in Sources */,
				AD99A40C245D427E006D2583 /* HomeViewController.swift in Sources */,
			);
			runOnlyForDeploymentPostprocessing = 0;
		};
		AD99A3EA245D4002006D2583 /* Sources */ = {
			isa = PBXSourcesBuildPhase;
			buildActionMask = 2147483647;
			files = (
				AD99A3F3245D4002006D2583 /* graphyAppTests.swift in Sources */,
				AD4C1161245DBA9600D046AB /* VideoPlayerVIewControllerTest.swift in Sources */,
			);
			runOnlyForDeploymentPostprocessing = 0;
		};
		AD99A3F5245D4002006D2583 /* Sources */ = {
			isa = PBXSourcesBuildPhase;
			buildActionMask = 2147483647;
			files = (
				AD99A3FE245D4002006D2583 /* graphyAppUITests.swift in Sources */,
			);
			runOnlyForDeploymentPostprocessing = 0;
		};
/* End PBXSourcesBuildPhase section */

/* Begin PBXTargetDependency section */
		AD99A3F0245D4002006D2583 /* PBXTargetDependency */ = {
			isa = PBXTargetDependency;
			target = AD99A3D7245D4000006D2583 /* graphyApp */;
			targetProxy = AD99A3EF245D4002006D2583 /* PBXContainerItemProxy */;
		};
		AD99A3FB245D4002006D2583 /* PBXTargetDependency */ = {
			isa = PBXTargetDependency;
			target = AD99A3D7245D4000006D2583 /* graphyApp */;
			targetProxy = AD99A3FA245D4002006D2583 /* PBXContainerItemProxy */;
		};
/* End PBXTargetDependency section */

/* Begin PBXVariantGroup section */
		AD99A3E1245D4000006D2583 /* Main.storyboard */ = {
			isa = PBXVariantGroup;
			children = (
				AD99A3E2245D4000006D2583 /* Base */,
			);
			name = Main.storyboard;
			sourceTree = "<group>";
		};
		AD99A3E6245D4002006D2583 /* LaunchScreen.storyboard */ = {
			isa = PBXVariantGroup;
			children = (
				AD99A3E7245D4002006D2583 /* Base */,
			);
			name = LaunchScreen.storyboard;
			sourceTree = "<group>";
		};
/* End PBXVariantGroup section */

/* Begin XCBuildConfiguration section */
		AD99A400245D4002006D2583 /* Debug */ = {
			isa = XCBuildConfiguration;
			buildSettings = {
				ALWAYS_SEARCH_USER_PATHS = NO;
				CLANG_ANALYZER_NONNULL = YES;
				CLANG_ANALYZER_NUMBER_OBJECT_CONVERSION = YES_AGGRESSIVE;
				CLANG_CXX_LANGUAGE_STANDARD = "gnu++14";
				CLANG_CXX_LIBRARY = "libc++";
				CLANG_ENABLE_MODULES = YES;
				CLANG_ENABLE_OBJC_ARC = YES;
				CLANG_ENABLE_OBJC_WEAK = YES;
				CLANG_WARN_BLOCK_CAPTURE_AUTORELEASING = YES;
				CLANG_WARN_BOOL_CONVERSION = YES;
				CLANG_WARN_COMMA = YES;
				CLANG_WARN_CONSTANT_CONVERSION = YES;
				CLANG_WARN_DEPRECATED_OBJC_IMPLEMENTATIONS = YES;
				CLANG_WARN_DIRECT_OBJC_ISA_USAGE = YES_ERROR;
				CLANG_WARN_DOCUMENTATION_COMMENTS = YES;
				CLANG_WARN_EMPTY_BODY = YES;
				CLANG_WARN_ENUM_CONVERSION = YES;
				CLANG_WARN_INFINITE_RECURSION = YES;
				CLANG_WARN_INT_CONVERSION = YES;
				CLANG_WARN_NON_LITERAL_NULL_CONVERSION = YES;
				CLANG_WARN_OBJC_IMPLICIT_RETAIN_SELF = YES;
				CLANG_WARN_OBJC_LITERAL_CONVERSION = YES;
				CLANG_WARN_OBJC_ROOT_CLASS = YES_ERROR;
				CLANG_WARN_RANGE_LOOP_ANALYSIS = YES;
				CLANG_WARN_STRICT_PROTOTYPES = YES;
				CLANG_WARN_SUSPICIOUS_MOVE = YES;
				CLANG_WARN_UNGUARDED_AVAILABILITY = YES_AGGRESSIVE;
				CLANG_WARN_UNREACHABLE_CODE = YES;
				CLANG_WARN__DUPLICATE_METHOD_MATCH = YES;
				COPY_PHASE_STRIP = NO;
				DEBUG_INFORMATION_FORMAT = dwarf;
				ENABLE_STRICT_OBJC_MSGSEND = YES;
				ENABLE_TESTABILITY = YES;
				GCC_C_LANGUAGE_STANDARD = gnu11;
				GCC_DYNAMIC_NO_PIC = NO;
				GCC_NO_COMMON_BLOCKS = YES;
				GCC_OPTIMIZATION_LEVEL = 0;
				GCC_PREPROCESSOR_DEFINITIONS = (
					"DEBUG=1",
					"$(inherited)",
				);
				GCC_WARN_64_TO_32_BIT_CONVERSION = YES;
				GCC_WARN_ABOUT_RETURN_TYPE = YES_ERROR;
				GCC_WARN_UNDECLARED_SELECTOR = YES;
				GCC_WARN_UNINITIALIZED_AUTOS = YES_AGGRESSIVE;
				GCC_WARN_UNUSED_FUNCTION = YES;
				GCC_WARN_UNUSED_VARIABLE = YES;
				IPHONEOS_DEPLOYMENT_TARGET = 13.0;
				MTL_ENABLE_DEBUG_INFO = INCLUDE_SOURCE;
				MTL_FAST_MATH = YES;
				ONLY_ACTIVE_ARCH = YES;
				SDKROOT = iphoneos;
				SWIFT_ACTIVE_COMPILATION_CONDITIONS = DEBUG;
				SWIFT_OPTIMIZATION_LEVEL = "-Onone";
			};
			name = Debug;
		};
		AD99A401245D4002006D2583 /* Release */ = {
			isa = XCBuildConfiguration;
			buildSettings = {
				ALWAYS_SEARCH_USER_PATHS = NO;
				CLANG_ANALYZER_NONNULL = YES;
				CLANG_ANALYZER_NUMBER_OBJECT_CONVERSION = YES_AGGRESSIVE;
				CLANG_CXX_LANGUAGE_STANDARD = "gnu++14";
				CLANG_CXX_LIBRARY = "libc++";
				CLANG_ENABLE_MODULES = YES;
				CLANG_ENABLE_OBJC_ARC = YES;
				CLANG_ENABLE_OBJC_WEAK = YES;
				CLANG_WARN_BLOCK_CAPTURE_AUTORELEASING = YES;
				CLANG_WARN_BOOL_CONVERSION = YES;
				CLANG_WARN_COMMA = YES;
				CLANG_WARN_CONSTANT_CONVERSION = YES;
				CLANG_WARN_DEPRECATED_OBJC_IMPLEMENTATIONS = YES;
				CLANG_WARN_DIRECT_OBJC_ISA_USAGE = YES_ERROR;
				CLANG_WARN_DOCUMENTATION_COMMENTS = YES;
				CLANG_WARN_EMPTY_BODY = YES;
				CLANG_WARN_ENUM_CONVERSION = YES;
				CLANG_WARN_INFINITE_RECURSION = YES;
				CLANG_WARN_INT_CONVERSION = YES;
				CLANG_WARN_NON_LITERAL_NULL_CONVERSION = YES;
				CLANG_WARN_OBJC_IMPLICIT_RETAIN_SELF = YES;
				CLANG_WARN_OBJC_LITERAL_CONVERSION = YES;
				CLANG_WARN_OBJC_ROOT_CLASS = YES_ERROR;
				CLANG_WARN_RANGE_LOOP_ANALYSIS = YES;
				CLANG_WARN_STRICT_PROTOTYPES = YES;
				CLANG_WARN_SUSPICIOUS_MOVE = YES;
				CLANG_WARN_UNGUARDED_AVAILABILITY = YES_AGGRESSIVE;
				CLANG_WARN_UNREACHABLE_CODE = YES;
				CLANG_WARN__DUPLICATE_METHOD_MATCH = YES;
				COPY_PHASE_STRIP = NO;
				DEBUG_INFORMATION_FORMAT = "dwarf-with-dsym";
				ENABLE_NS_ASSERTIONS = NO;
				ENABLE_STRICT_OBJC_MSGSEND = YES;
				GCC_C_LANGUAGE_STANDARD = gnu11;
				GCC_NO_COMMON_BLOCKS = YES;
				GCC_WARN_64_TO_32_BIT_CONVERSION = YES;
				GCC_WARN_ABOUT_RETURN_TYPE = YES_ERROR;
				GCC_WARN_UNDECLARED_SELECTOR = YES;
				GCC_WARN_UNINITIALIZED_AUTOS = YES_AGGRESSIVE;
				GCC_WARN_UNUSED_FUNCTION = YES;
				GCC_WARN_UNUSED_VARIABLE = YES;
				IPHONEOS_DEPLOYMENT_TARGET = 13.0;
				MTL_ENABLE_DEBUG_INFO = NO;
				MTL_FAST_MATH = YES;
				SDKROOT = iphoneos;
				SWIFT_COMPILATION_MODE = wholemodule;
				SWIFT_OPTIMIZATION_LEVEL = "-O";
				VALIDATE_PRODUCT = YES;
			};
			name = Release;
		};
		AD99A403245D4002006D2583 /* Debug */ = {
			isa = XCBuildConfiguration;
			baseConfigurationReference = DDD5551CDEA2D028518DC8DE /* Pods-graphyApp.debug.xcconfig */;
			buildSettings = {
				ASSETCATALOG_COMPILER_APPICON_NAME = AppIcon;
				CODE_SIGN_STYLE = Automatic;
				INFOPLIST_FILE = graphyApp/Info.plist;
				LD_RUNPATH_SEARCH_PATHS = (
					"$(inherited)",
					"@executable_path/Frameworks",
				);
				PRODUCT_BUNDLE_IDENTIFIER = com.test.graphyApp;
				PRODUCT_NAME = "$(TARGET_NAME)";
				SWIFT_VERSION = 5.0;
				TARGETED_DEVICE_FAMILY = 1;
			};
			name = Debug;
		};
		AD99A404245D4002006D2583 /* Release */ = {
			isa = XCBuildConfiguration;
			baseConfigurationReference = ACB18BF76C4AAF128721E63F /* Pods-graphyApp.release.xcconfig */;
			buildSettings = {
				ASSETCATALOG_COMPILER_APPICON_NAME = AppIcon;
				CODE_SIGN_STYLE = Automatic;
				INFOPLIST_FILE = graphyApp/Info.plist;
				LD_RUNPATH_SEARCH_PATHS = (
					"$(inherited)",
					"@executable_path/Frameworks",
				);
				PRODUCT_BUNDLE_IDENTIFIER = com.test.graphyApp;
				PRODUCT_NAME = "$(TARGET_NAME)";
				SWIFT_VERSION = 5.0;
				TARGETED_DEVICE_FAMILY = 1;
			};
			name = Release;
		};
		AD99A406245D4002006D2583 /* Debug */ = {
			isa = XCBuildConfiguration;
			baseConfigurationReference = 4ADA70C071B5707E7E4516F1 /* Pods-graphyAppTests.debug.xcconfig */;
			buildSettings = {
				ALWAYS_EMBED_SWIFT_STANDARD_LIBRARIES = YES;
				BUNDLE_LOADER = "$(TEST_HOST)";
				CODE_SIGN_STYLE = Automatic;
				INFOPLIST_FILE = graphyAppTests/Info.plist;
				IPHONEOS_DEPLOYMENT_TARGET = 13.0;
				LD_RUNPATH_SEARCH_PATHS = (
					"$(inherited)",
					"@executable_path/Frameworks",
					"@loader_path/Frameworks",
				);
				PRODUCT_BUNDLE_IDENTIFIER = com.test.graphyAppTests;
				PRODUCT_NAME = "$(TARGET_NAME)";
				SWIFT_VERSION = 5.0;
				TARGETED_DEVICE_FAMILY = "1,2";
				TEST_HOST = "$(BUILT_PRODUCTS_DIR)/graphyApp.app/graphyApp";
			};
			name = Debug;
		};
		AD99A407245D4002006D2583 /* Release */ = {
			isa = XCBuildConfiguration;
			baseConfigurationReference = C19F92520D9A675C2C134CF9 /* Pods-graphyAppTests.release.xcconfig */;
			buildSettings = {
				ALWAYS_EMBED_SWIFT_STANDARD_LIBRARIES = YES;
				BUNDLE_LOADER = "$(TEST_HOST)";
				CODE_SIGN_STYLE = Automatic;
				INFOPLIST_FILE = graphyAppTests/Info.plist;
				IPHONEOS_DEPLOYMENT_TARGET = 13.0;
				LD_RUNPATH_SEARCH_PATHS = (
					"$(inherited)",
					"@executable_path/Frameworks",
					"@loader_path/Frameworks",
				);
				PRODUCT_BUNDLE_IDENTIFIER = com.test.graphyAppTests;
				PRODUCT_NAME = "$(TARGET_NAME)";
				SWIFT_VERSION = 5.0;
				TARGETED_DEVICE_FAMILY = "1,2";
				TEST_HOST = "$(BUILT_PRODUCTS_DIR)/graphyApp.app/graphyApp";
			};
			name = Release;
		};
		AD99A409245D4002006D2583 /* Debug */ = {
			isa = XCBuildConfiguration;
			baseConfigurationReference = 7EE54B36A6B9C5B501D9A7EA /* Pods-graphyAppUITests.debug.xcconfig */;
			buildSettings = {
				ALWAYS_EMBED_SWIFT_STANDARD_LIBRARIES = YES;
				CODE_SIGN_STYLE = Automatic;
				INFOPLIST_FILE = graphyAppUITests/Info.plist;
				LD_RUNPATH_SEARCH_PATHS = (
					"$(inherited)",
					"@executable_path/Frameworks",
					"@loader_path/Frameworks",
				);
				PRODUCT_BUNDLE_IDENTIFIER = com.test.graphyAppUITests;
				PRODUCT_NAME = "$(TARGET_NAME)";
				SWIFT_VERSION = 5.0;
				TARGETED_DEVICE_FAMILY = "1,2";
				TEST_TARGET_NAME = graphyApp;
			};
			name = Debug;
		};
		AD99A40A245D4002006D2583 /* Release */ = {
			isa = XCBuildConfiguration;
			baseConfigurationReference = 79B1AA12E3EAD13FA0EAF96C /* Pods-graphyAppUITests.release.xcconfig */;
			buildSettings = {
				ALWAYS_EMBED_SWIFT_STANDARD_LIBRARIES = YES;
				CODE_SIGN_STYLE = Automatic;
				INFOPLIST_FILE = graphyAppUITests/Info.plist;
				LD_RUNPATH_SEARCH_PATHS = (
					"$(inherited)",
					"@executable_path/Frameworks",
					"@loader_path/Frameworks",
				);
				PRODUCT_BUNDLE_IDENTIFIER = com.test.graphyAppUITests;
				PRODUCT_NAME = "$(TARGET_NAME)";
				SWIFT_VERSION = 5.0;
				TARGETED_DEVICE_FAMILY = "1,2";
				TEST_TARGET_NAME = graphyApp;
			};
			name = Release;
		};
/* End XCBuildConfiguration section */

/* Begin XCConfigurationList section */
		AD99A3D3245D4000006D2583 /* Build configuration list for PBXProject "graphyApp" */ = {
			isa = XCConfigurationList;
			buildConfigurations = (
				AD99A400245D4002006D2583 /* Debug */,
				AD99A401245D4002006D2583 /* Release */,
			);
			defaultConfigurationIsVisible = 0;
			defaultConfigurationName = Release;
		};
		AD99A402245D4002006D2583 /* Build configuration list for PBXNativeTarget "graphyApp" */ = {
			isa = XCConfigurationList;
			buildConfigurations = (
				AD99A403245D4002006D2583 /* Debug */,
				AD99A404245D4002006D2583 /* Release */,
			);
			defaultConfigurationIsVisible = 0;
			defaultConfigurationName = Release;
		};
		AD99A405245D4002006D2583 /* Build configuration list for PBXNativeTarget "graphyAppTests" */ = {
			isa = XCConfigurationList;
			buildConfigurations = (
				AD99A406245D4002006D2583 /* Debug */,
				AD99A407245D4002006D2583 /* Release */,
			);
			defaultConfigurationIsVisible = 0;
			defaultConfigurationName = Release;
		};
		AD99A408245D4002006D2583 /* Build configuration list for PBXNativeTarget "graphyAppUITests" */ = {
			isa = XCConfigurationList;
			buildConfigurations = (
				AD99A409245D4002006D2583 /* Debug */,
				AD99A40A245D4002006D2583 /* Release */,
			);
			defaultConfigurationIsVisible = 0;
			defaultConfigurationName = Release;
		};
/* End XCConfigurationList section */
	};
	rootObject = AD99A3D0245D4000006D2583 /* Project object */;
}
